Microsoft Visual Studio Solution File, Format Version 12.00
# Visual Studio Version 18
VisualStudioVersion = 18.9.12023.133 insiders
MinimumVisualStudioVersion = 10.0.40219.1
Project("{FAE04EC0-301F-11D3-BF4B-00C04F79EFBC}") = "Destin.Console", "src\Destin.Console\Destin.Console.csproj", "{78A10D2F-017F-4280-8380-CA0F7A8BD04A}"
EndProject
Global
	GlobalSection(SolutionConfigurationPlatforms) = preSolution
		Debug|Any CPU = Debug|Any CPU
		Release|Any CPU = Release|Any CPU
	EndGlobalSection
	GlobalSection(ProjectConfigurationPlatforms) = postSolution
		{78A10D2F-017F-4280-8380-CA0F7A8BD04A}.Debug|Any CPU.ActiveCfg = Debug|Any CPU
		{78A10D2F-017F-4280-8380-CA0F7A8BD04A}.Debug|Any CPU.Build.0 = Debug|Any CPU
		{78A10D2F-017F-4280-8380-CA0F7A8BD04A}.Release|Any CPU.ActiveCfg = Release|Any CPU
		{78A10D2F-017F-4280-8380-CA0F7A8BD04A}.Release|Any CPU.Build.0 = Release|Any CPU
	EndGlobalSection
	GlobalSection(SolutionProperties) = preSolution
		HideSolutionNode = FALSE
	EndGlobalSection
	GlobalSection(ExtensibilityGlobals) = postSolution
		SolutionGuid = 96b89467-07d6-46c7-a655-26d5026e7ba5
	EndGlobalSection
EndGlobal
